
Microsoft Visual Studio Solution File, Format Version 12.00
# Visual Studio Version 17
VisualStudioVersion = 17.4.33213.308
MinimumVisualStudioVersion = 10.0.40219.1
Project("{FAE04EC0-301F-11D3-BF4B-00C04F79EFBC}") = "WordCheckPro", "WordCheckPro\WordCheckPro.csproj", "{2A4B73AF-C24A-4E61-B749-063C87346693}"
EndProject
Global
	GlobalSection(SolutionConfigurationPlatforms) = preSolution
		Debug|Any CPU = Debug|Any CPU
		Release|Any CPU = Release|Any CPU
	EndGlobalSection
	GlobalSection(ProjectConfigurationPlatforms) = postSolution
		{2A4B73AF-C24A-4E61-B749-063C87346693}.Debug|Any CPU.ActiveCfg = Debug|Any CPU
		{2A4B73AF-C24A-4E61-B749-063C87346693}.Debug|Any CPU.Build.0 = Debug|Any CPU
		{2A4B73AF-C24A-4E61-B749-063C87346693}.Release|Any CPU.ActiveCfg = Release|Any CPU
		{2A4B73AF-C24A-4E61-B749-063C87346693}.Release|Any CPU.Build.0 = Release|Any CPU
	EndGlobalSection
	GlobalSection(SolutionProperties) = preSolution
		HideSolutionNode = FALSE
	EndGlobalSection
	GlobalSection(ExtensibilityGlobals) = postSolution
		SolutionGuid = {55C7C7A2-E27C-401F-90CA-B554E3FDF1EA}
	EndGlobalSection
EndGlobal
